
Microsoft Visual Studio Solution File, Format Version 12.00
# Visual Studio Version 17
VisualStudioVersion = 17.0.31903.59
MinimumVisualStudioVersion = 10.0.40219.1
Project("{9A19103F-16F7-4668-BE54-9A1E7A4F7556}") = "XamlStyler", "XamlStyler\XamlStyler.csproj", "{BD2A5B6F-0B1C-4B1D-90AF-707F62BB12C0}"
EndProject
Project("{9A19103F-16F7-4668-BE54-9A1E7A4F7556}") = "XamlStyler.UnitTest", "XamlStyler.UnitTests\XamlStyler.UnitTest.csproj", "{E5245034-9CD0-4FC6-B141-BAE17BC251A5}"
EndProject
Project("{9A19103F-16F7-4668-BE54-9A1E7A4F7556}") = "XamlStyler.Console", "XamlStyler.Console\XamlStyler.Console.csproj", "{5284FEA7-FC0B-45EA-8B16-9DA7F5E6D7B6}"
EndProject
Project("{FAE04EC0-301F-11D3-BF4B-00C04F79EFBC}") = "XamlStyler.Extension.Windows.VS2019", "XamlStyler.Extension.Windows.VS2019\XamlStyler.Extension.Windows.VS2019.csproj", "{36E90337-BD31-49CF-89E9-7069CB5009C8}"
EndProject
Project("{9A19103F-16F7-4668-BE54-9A1E7A4F7556}") = "XamlStyler.Extension", "XamlStyler.Extension\XamlStyler.Extension.csproj", "{C9EDDF87-4F29-47C7-B129-68EA6EED6A90}"
EndProject
Project("{D954291E-2A0B-460D-934E-DC6B0785DB48}") = "XamlStyler.Extension.Windows.Shared", "XamlStyler.Extension.Windows.Shared\XamlStyler.Extension.Windows.Shared.shproj", "{01231F73-66EF-4F3E-8DFD-95BF935BF8EB}"
EndProject
Project("{FAE04EC0-301F-11D3-BF4B-00C04F79EFBC}") = "XamlStyler.Extension.Windows.VS2022", "XamlStyler.Extension.Windows.VS2022\XamlStyler.Extension.Windows.VS2022.csproj", "{88F93CB7-4B73-41C7-B3BD-EAFA11173656}"
EndProject
Global
	GlobalSection(SharedMSBuildProjectFiles) = preSolution
		XamlStyler.Extension.Windows.Shared\XamlStyler.Extension.Windows.Shared.projitems*{01231f73-66ef-4f3e-8dfd-95bf935bf8eb}*SharedItemsImports = 13
		XamlStyler.Extension.Windows.Shared\XamlStyler.Extension.Windows.Shared.projitems*{36e90337-bd31-49cf-89e9-7069cb5009c8}*SharedItemsImports = 4
		XamlStyler.Extension.Windows.Shared\XamlStyler.Extension.Windows.Shared.projitems*{88f93cb7-4b73-41c7-b3bd-eafa11173656}*SharedItemsImports = 4
	EndGlobalSection
	GlobalSection(SolutionConfigurationPlatforms) = preSolution
		Debug|Any CPU = Debug|Any CPU
		Release|Any CPU = Release|Any CPU
	EndGlobalSection
	GlobalSection(ProjectConfigurationPlatforms) = postSolution
		{BD2A5B6F-0B1C-4B1D-90AF-707F62BB12C0}.Debug|Any CPU.ActiveCfg = Debug|Any CPU
		{BD2A5B6F-0B1C-4B1D-90AF-707F62BB12C0}.Debug|Any CPU.Build.0 = Debug|Any CPU
		{BD2A5B6F-0B1C-4B1D-90AF-707F62BB12C0}.Release|Any CPU.ActiveCfg = Release|Any CPU
		{BD2A5B6F-0B1C-4B1D-90AF-707F62BB12C0}.Release|Any CPU.Build.0 = Release|Any CPU
		{E5245034-9CD0-4FC6-B141-BAE17BC251A5}.Debug|Any CPU.ActiveCfg = Debug|Any CPU
		{E5245034-9CD0-4FC6-B141-BAE17BC251A5}.Debug|Any CPU.Build.0 = Debug|Any CPU
		{E5245034-9CD0-4FC6-B141-BAE17BC251A5}.Release|Any CPU.ActiveCfg = Release|Any CPU
		{E5245034-9CD0-4FC6-B141-BAE17BC251A5}.Release|Any CPU.Build.0 = Release|Any CPU
		{5284FEA7-FC0B-45EA-8B16-9DA7F5E6D7B6}.Debug|Any CPU.ActiveCfg = Debug|Any CPU
		{5284FEA7-FC0B-45EA-8B16-9DA7F5E6D7B6}.Debug|Any CPU.Build.0 = Debug|Any CPU
		{5284FEA7-FC0B-45EA-8B16-9DA7F5E6D7B6}.Release|Any CPU.ActiveCfg = Release|Any CPU
		{5284FEA7-FC0B-45EA-8B16-9DA7F5E6D7B6}.Release|Any CPU.Build.0 = Release|Any CPU
		{36E90337-BD31-49CF-89E9-7069CB5009C8}.Debug|Any CPU.ActiveCfg = Debug|Any CPU
		{36E90337-BD31-49CF-89E9-7069CB5009C8}.Release|Any CPU.ActiveCfg = Release|Any CPU
		{C9EDDF87-4F29-47C7-B129-68EA6EED6A90}.Debug|Any CPU.ActiveCfg = Debug|Any CPU
		{C9EDDF87-4F29-47C7-B129-68EA6EED6A90}.Debug|Any CPU.Build.0 = Debug|Any CPU
		{C9EDDF87-4F29-47C7-B129-68EA6EED6A90}.Release|Any CPU.ActiveCfg = Release|Any CPU
		{C9EDDF87-4F29-47C7-B129-68EA6EED6A90}.Release|Any CPU.Build.0 = Release|Any CPU
		{88F93CB7-4B73-41C7-B3BD-EAFA11173656}.Debug|Any CPU.ActiveCfg = Debug|Any CPU
		{88F93CB7-4B73-41C7-B3BD-EAFA11173656}.Debug|Any CPU.Build.0 = Debug|Any CPU
		{88F93CB7-4B73-41C7-B3BD-EAFA11173656}.Release|Any CPU.ActiveCfg = Release|Any CPU
		{88F93CB7-4B73-41C7-B3BD-EAFA11173656}.Release|Any CPU.Build.0 = Release|Any CPU
	EndGlobalSection
	GlobalSection(SolutionProperties) = preSolution
		HideSolutionNode = FALSE
	EndGlobalSection
	GlobalSection(ExtensibilityGlobals) = postSolution
		SolutionGuid = {801198FC-F9C4-47AF-84B9-623374720525}
	EndGlobalSection
	GlobalSection(TestCaseManagementSettings) = postSolution
		CategoryFile = XamlStylerVSPackage.vsmdi
	EndGlobalSection
EndGlobal
